
Microsoft Visual Studio Solution File, Format Version 12.00
# Visual Studio Version 17
VisualStudioVersion = 17.5.002.0
MinimumVisualStudioVersion = 10.0.40219.1
Project("{9A19103F-16F7-4668-BE54-9A1E7A4F7556}") = "kalumproject", "kalumproject.csproj", "{B4E6BBD5-0FA5-4557-80FC-746B02FA938C}"
EndProject
Global
	GlobalSection(SolutionConfigurationPlatforms) = preSolution
		Debug|Any CPU = Debug|Any CPU
		Release|Any CPU = Release|Any CPU
	EndGlobalSection
	GlobalSection(ProjectConfigurationPlatforms) = postSolution
		{B4E6BBD5-0FA5-4557-80FC-746B02FA938C}.Debug|Any CPU.ActiveCfg = Debug|Any CPU
		{B4E6BBD5-0FA5-4557-80FC-746B02FA938C}.Debug|Any CPU.Build.0 = Debug|Any CPU
		{B4E6BBD5-0FA5-4557-80FC-746B02FA938C}.Release|Any CPU.ActiveCfg = Release|Any CPU
		{B4E6BBD5-0FA5-4557-80FC-746B02FA938C}.Release|Any CPU.Build.0 = Release|Any CPU
	EndGlobalSection
	GlobalSection(SolutionProperties) = preSolution
		HideSolutionNode = FALSE
	EndGlobalSection
	GlobalSection(ExtensibilityGlobals) = postSolution
		SolutionGuid = {E377D1F9-639C-49F7-8F72-5C90162512EE}
	EndGlobalSection
EndGlobal
